{
    "_readme": [
        "This file locks the dependencies of your project to a known state",
        "Read more about it at https://getcomposer.org/doc/01-basic-usage.md#installing-dependencies",
        "This file is @generated automatically"
    ],
    "content-hash": "b46f5ee2d11ef2bddfc8fb08256ceca8",
    "packages": [],
    "packages-dev": [
        {
            "name": "izisaurio/json-to-array",
            "version": "1.0.3",
            "source": {
                "type": "git",
                "url": "https://github.com/izisaurio/json-to-array.git",
                "reference": "987ef7fe06c65e76436416c209b9a250c67ae272"
            },
            "dist": {
                "type": "zip",
                "url": "https://api.github.com/repos/izisaurio/json-to-array/zipball/987ef7fe06c65e76436416c209b9a250c67ae272",
                "reference": "987ef7fe06c65e76436416c209b9a250c67ae272",
                "shasum": ""
            },
            "type": "library",
            "autoload": {
                "psr-4": {
                    "JsonToArray\\": "lib/"
                }
            },
            "notification-url": "https://packagist.org/downloads/",
            "license": [
                "MIT"
            ],
            "authors": [
                {
                    "name": "izisaurio",
                    "email": "izi.isaac@gmail.com"
                }
            ],
            "description": "Json file to PHP array",
            "support": {
                "issues": "https://github.com/izisaurio/json-to-array/issues",
                "source": "https://github.com/izisaurio/json-to-array/tree/1.0.3"
            },
            "time": "2024-11-10T01:15:47+00:00"
        },
        {
            "name": "izisaurio/request-params",
            "version": "1.0.6",
            "source": {
                "type": "git",
                "url": "https://github.com/izisaurio/request-params.git",
                "reference": "eef5f8f619712d698eea0c0fb5c83bc924348eb0"
            },
            "dist": {
                "type": "zip",
                "url": "https://api.github.com/repos/izisaurio/request-params/zipball/eef5f8f619712d698eea0c0fb5c83bc924348eb0",
                "reference": "eef5f8f619712d698eea0c0fb5c83bc924348eb0",
                "shasum": ""
            },
            "type": "library",
            "autoload": {
                "psr-4": {
                    "RequestParams\\": "lib/"
                }
            },
            "notification-url": "https://packagist.org/downloads/",
            "license": [
                "MIT"
            ],
            "authors": [
                {
                    "name": "izisaurio",
                    "email": "izi.isaac@gmail.com"
                }
            ],
            "description": "A simple PHP request param fetcher",
            "support": {
                "issues": "https://github.com/izisaurio/request-params/issues",
                "source": "https://github.com/izisaurio/request-params/tree/1.0.6"
            },
            "time": "2023-12-27T16:53:27+00:00"
        }
    ],
    "aliases": [],
    "minimum-stability": "stable",
    "stability-flags": [],
    "prefer-stable": false,
    "prefer-lowest": false,
    "platform": [],
    "platform-dev": [],
    "plugin-api-version": "2.3.0"
}
